# MC-082 reproducible environment.  Runtime: NO third-party packages (stdlib only).
# Interpreter: CPython >= 3.10 (built and verified on 3.11.15).
# Vendored: pk_core @ PK_Master_Applied_All_Batches UC270 (digests in _vendor/PK_CORE_PROVENANCE.json).
# Optional dev tools (CI "optional-linters" job), exact pins:
#   ruff==0.15.11
#   mypy==1.20.2
