{
 "fixtures": {
  "chunk.invalid.corrupt.json": "0060c164e4deca3478631016a7d67d176d6c1198db628a993bc946b0ea907615",
  "chunk.invalid.index_oob.json": "39be0dcb3f0cc2b5560fe112b29ad33b1417b8b6d7cef48a2a6cf7a32dc58081",
  "chunk.invalid.negative_index.json": "fb126067154669463d256be69e9ec5c78536d54e152cdb8a087a13054f221ef1",
  "chunk.invalid.wrong_length.json": "6509b4dff68b683dea7ccefbaf9b42b9e909399ce9dc2c332f9afb2a94fe9069",
  "chunk.valid.duplicate.json": "c276c0a5c882b76d31edd0a7329ecdcda4c19c943a82ab01061b665c5273f451",
  "chunk.valid.first.json": "a43eb81d02bbc3c8ef367022121fa5bad8d4e0daa1c4e1bbf5990861cce89539",
  "manifest.invalid.bool_chunk.json": "56b5dc88b21c8a2ab747f927c9dab8377e591e28bc3fdb2fc71ddee9c532f2b4",
  "manifest.invalid.chunk_reordered.json": "9d2a7a96798ae9dac9ec9adf756f76a763b4b6c451e321f69cfd11d259f3cb82",
  "manifest.invalid.count_mismatch.json": "1873f2718e2a85680cb25839fb058de660707f015f6a53b8ad9831f290bbbb77",
  "manifest.invalid.exceeds_object_limit.json": "286b571c154739af4c7b18c63150b34862ec95fe293bea9dd2557f0ec36db3a6",
  "manifest.invalid.geometry_mismatch.json": "3780de6f54f4c3725fd2f51abf17080ff1f6ab698dee52eedcbcd708c732fdc7",
  "manifest.invalid.negative_size.json": "dd4632e177d37f65b9e36cdd328ec3ccd16b5eeb89f13dcd25590cd8a38ec7a1",
  "manifest.invalid.not_an_object.json": "0b7e07c23bc8d18b1a5af0021526feb361b515229455441af006a047dbf9d3d4",
  "manifest.invalid.object_digest_tampered.json": "a3f3d9a165beece2b2d6c74c0eec9e1277dbd3506fecf59dcad2a56e5a3427e2",
  "manifest.invalid.short_digest.json": "4dc35800df450756e73ceca608bbd77928d1eb4b56e10b82d9e1f549a22f2fb0",
  "manifest.invalid.unicode_digest.json": "aa7618429bbeb2841742dc8de09aec724a774e641de541ccdc38d5a98e2bfce7",
  "manifest.invalid.uppercase_digest.json": "ce5f8ca7fd3b128d8fa35dc7a0dbb366e0af61180f29b6d1242992088528b020",
  "manifest.invalid.wrong_algorithm.json": "c997bec74ca5dfaa315b939dfbc4eba4d9795249405729b3cb3d16d669d47c8c",
  "manifest.invalid.wrong_schema.json": "8ee7fe603be89b4d2cab31e43a812c43e2d9b18b2e3f0cef8c437e9c89632d33",
  "manifest.invalid.zero_chunk.json": "588502147c6ef11a51ae2cd224e4743cd6384c343126475b6a0918b0d030732d",
  "manifest.valid.exact_multiple.json": "d97f83b6d88f1ed386731725042ad84a186c66c7d21c4e13ff5be2a346d23f6b",
  "manifest.valid.final_short_chunk.json": "e98ab2efc42ed0192f3d49c818e9a0fd0b0aeb13ab940fc4e06108dfd325ee39",
  "manifest.valid.max_chunk_16MiB_geometry.json": "6f6ed1d73fb006b6e1d586072989d627609a140f58675932a5d28f3ad730f471",
  "manifest.valid.one_chunk.json": "f57fc199eebfdfc2cb27634908dafe397f5d7236ea789a3010b138101b7ad89a",
  "manifest.valid.single_byte_chunks.json": "a5e4623a49bf9e064faef00c86333d6c6276fb13472c107fe3032e6441909b4b",
  "manifest.valid.zero_length.json": "93f2bde4d09facda9e996462edc4aa321fa9942b4439ca02e67178252caaefe1",
  "negotiate.no_auth_downgrade.json": "f3cb876abec98f4dfd640ebbf9759b2898f1da504985392d55f98ea0bc01db0f",
  "negotiate.v1_peer.json": "5fcb685ce1a1e70d1c0b8466566ae588bfbf44e919b2356d8c0f4f5d43a64281",
  "object.invalid.incomplete.json": "7e7b118d4f2319d5242a46b6325e15a5d925eba9af88d58f1acd27f9e03d26eb",
  "object.valid.complete.json": "4546dbabba794238cc309664fca88da268173cabb71dced5ee22b96807442344",
  "resume.v1.shape.json": "6cd056960a7741f74e58574520ce8a9d5eece56d07e4e6571bf1eb2f18eb64b6"
 },
 "schema": "INV37_FIXTURES_LOCK/1"
}