# INV-20 WIT dependency lock. Machine-read by tools/witgen.py.
schema = "INV20_WITLOCK/1"

[local]
package = "pk:inv20@4.3.0"
path = "wit/inv20.wit"
# sha256 is filled/verified by `python tools/witgen.py --check`

[upstream."wasi:http"]
# Production target for binding generation (ADR-0001). Not vendored in this archive.
spec = "WebAssembly/wasi-http"
supported = ["0.2.x (world proxy)", "0.3.0-rc (worlds service, middleware)"]
pinned_revision = "UNRESOLVED"
sha256 = "UNRESOLVED"
status = "BLOCKED"  # blocks C029-C031/C082-C084 PASS until an owner pins and vendors it
