# INV-30 4.3.0 resolved dependency lock (reproducible; no third-party packages).
# Python: CPython >=3.10,<3.14 (CI matrix: 3.10, 3.11, 3.12, 3.13)
# Runtime third-party dependencies: NONE (stdlib only)
#
# Optional framework (estate-internal, not on a public index; install offline from the estate):
#   pk_core==4.0.0  source: Unikernel_Containership_v2.7.0_MasterApplied/UC270/pk/pk_core
#   digest: see evidence/SBOM.cdx.json components[name=pk_core].hashes (sha256 over sorted *.py digests)
